<Solution>
  <Folder Name="/Source/">
    <Project Path="Source/HoboModFramework/HoboModFramework.csproj" />
    <Project Path="Source/HoboMod.DevTools/HoboMod.DevTools.csproj" />
  </Folder>
  <Folder Name="/Tools/">
    <Project Path="Tools/HoboModTestHarness/HoboModTestHarness.csproj" />
    <Project Path="Tools/ModelTweakerTool/ModelTweakerTool.csproj" />
  </Folder>
</Solution>
